
Microsoft Visual Studio Solution File, Format Version 12.00
# Visual Studio Version 17
VisualStudioVersion = 17.3.32819.101
MinimumVisualStudioVersion = 10.0.40219.1
Project("{FAE04EC0-301F-11D3-BF4B-00C04F79EFBC}") = "Evrak Arşiv Otomasyonu", "Evrak Arşiv Otomasyonu.csproj", "{EA88FE71-5C6E-4FAB-821E-E02FD7627E96}"
EndProject
Global
	GlobalSection(SolutionConfigurationPlatforms) = preSolution
		Debug|Any CPU = Debug|Any CPU
		Release|Any CPU = Release|Any CPU
	EndGlobalSection
	GlobalSection(ProjectConfigurationPlatforms) = postSolution
		{EA88FE71-5C6E-4FAB-821E-E02FD7627E96}.Debug|Any CPU.ActiveCfg = Debug|Any CPU
		{EA88FE71-5C6E-4FAB-821E-E02FD7627E96}.Debug|Any CPU.Build.0 = Debug|Any CPU
		{EA88FE71-5C6E-4FAB-821E-E02FD7627E96}.Release|Any CPU.ActiveCfg = Release|Any CPU
		{EA88FE71-5C6E-4FAB-821E-E02FD7627E96}.Release|Any CPU.Build.0 = Release|Any CPU
	EndGlobalSection
	GlobalSection(SolutionProperties) = preSolution
		HideSolutionNode = FALSE
	EndGlobalSection
	GlobalSection(ExtensibilityGlobals) = postSolution
		SolutionGuid = {FFF466CE-11DA-4439-9926-63A241F74E8F}
	EndGlobalSection
EndGlobal
